
Microsoft Visual Studio Solution File, Format Version 12.00
# Visual Studio Version 17
VisualStudioVersion = 17.9.34622.214
MinimumVisualStudioVersion = 10.0.40219.1
Project("{FAE04EC0-301F-11D3-BF4B-00C04F79EFBC}") = "AgentRestApi", "AgentRestApi\AgentRestApi.csproj", "{83A71AFA-D159-4540-AF9F-4328FB387669}"
EndProject
Global
	GlobalSection(SolutionConfigurationPlatforms) = preSolution
		Debug|Any CPU = Debug|Any CPU
		Release|Any CPU = Release|Any CPU
	EndGlobalSection
	GlobalSection(ProjectConfigurationPlatforms) = postSolution
		{83A71AFA-D159-4540-AF9F-4328FB387669}.Debug|Any CPU.ActiveCfg = Debug|Any CPU
		{83A71AFA-D159-4540-AF9F-4328FB387669}.Debug|Any CPU.Build.0 = Debug|Any CPU
		{83A71AFA-D159-4540-AF9F-4328FB387669}.Release|Any CPU.ActiveCfg = Release|Any CPU
		{83A71AFA-D159-4540-AF9F-4328FB387669}.Release|Any CPU.Build.0 = Release|Any CPU
	EndGlobalSection
	GlobalSection(SolutionProperties) = preSolution
		HideSolutionNode = FALSE
	EndGlobalSection
	GlobalSection(ExtensibilityGlobals) = postSolution
		SolutionGuid = {4CA2AF1E-116D-4A2F-B880-9F3E058F545D}
	EndGlobalSection
EndGlobal
